// !$*UTF8*$!
{
	archiveVersion = 1;
	classes = {
	};
	objectVersion = 46;
	objects = {

/* Begin PBXBuildFile section */
		F55CD18F1BBFD9760025DE02 /* AppDelegate.swift in Sources */ = {isa = PBXBuildFile; fileRef = F55CD18E1BBFD9760025DE02 /* AppDelegate.swift */; };
		F55CD1911BBFD9760025DE02 /* ViewController.swift in Sources */ = {isa = PBXBuildFile; fileRef = F55CD1901BBFD9760025DE02 /* ViewController.swift */; };
		F55CD1941BBFD9760025DE02 /* Main.storyboard in Resources */ = {isa = PBXBuildFile; fileRef = F55CD1921BBFD9760025DE02 /* Main.storyboard */; };
		F55CD1961BBFD9760025DE02 /* Assets.xcassets in Resources */ = {isa = PBXBuildFile; fileRef = F55CD1951BBFD9760025DE02 /* Assets.xcassets */; };
		F55CD1991BBFD9760025DE02 /* LaunchScreen.storyboard in Resources */ = {isa = PBXBuildFile; fileRef = F55CD1971BBFD9760025DE02 /* LaunchScreen.storyboard */; };
/* End PBXBuildFile section */

/* Begin PBXFileReference section */
		F55CD18B1BBFD9760025DE02 /* CNode.app */ = {isa = PBXFileReference; explicitFileType = wrapper.application; includeInIndex = 0; path = CNode.app; sourceTree = BUILT_PRODUCTS_DIR; };
		F55CD18E1BBFD9760025DE02 /* AppDelegate.swift */ = {isa = PBXFileReference; lastKnownFileType = sourcecode.swift; path = AppDelegate.swift; sourceTree = "<group>"; };
		F55CD1901BBFD9760025DE02 /* ViewController.swift */ = {isa = PBXFileReference; lastKnownFileType = sourcecode.swift; path = ViewController.swift; sourceTree = "<group>"; };
		F55CD1931BBFD9760025DE02 /* Base */ = {isa = PBXFileReference; lastKnownFileType = file.storyboard; name = Base; path = Base.lproj/Main.storyboard; sourceTree = "<group>"; };
		F55CD1951BBFD9760025DE02 /* Assets.xcassets */ = {isa = PBXFileReference; lastKnownFileType = folder.assetcatalog; path = Assets.xcassets; sourceTree = "<group>"; };
		F55CD1981BBFD9760025DE02 /* Base */ = {isa = PBXFileReference; lastKnownFileType = file.storyboard; name = Base; path = Base.lproj/LaunchScreen.storyboard; sourceTree = "<group>"; };
		F55CD19A1BBFD9760025DE02 /* Info.plist */ = {isa = PBXFileReference; lastKnownFileType = text.plist.xml; path = Info.plist; sourceTree = "<group>"; };
/* End PBXFileReference section */

/* Begin PBXFrameworksBuildPhase section */
		F55CD1881BBFD9760025DE02 /* Frameworks */ = {
			isa = PBXFrameworksBuildPhase;
			buildActionMask = 2147483647;
			files = (
			);
			runOnlyForDeploymentPostprocessing = 0;
		};
/* End PBXFrameworksBuildPhase section */

/* Begin PBXGroup section */
		F55CD1821BBFD9760025DE02 = {
			isa = PBXGroup;
			children = (
				F55CD18D1BBFD9760025DE02 /* CNode */,
				F55CD18C1BBFD9760025DE02 /* Products */,
			);
			sourceTree = "<group>";
		};
		F55CD18C1BBFD9760025DE02 /* Products */ = {
			isa = PBXGroup;
			children = (
				F55CD18B1BBFD9760025DE02 /* CNode.app */,
			);
			name = Products;
			sourceTree = "<group>";
		};
		F55CD18D1BBFD9760025DE02 /* CNode */ = {
			isa = PBXGroup;
			children = (
				F55CD18E1BBFD9760025DE02 /* AppDelegate.swift */,
				F55CD1901BBFD9760025DE02 /* ViewController.swift */,
				F55CD1921BBFD9760025DE02 /* Main.storyboard */,
				F55CD1951BBFD9760025DE02 /* Assets.xcassets */,
				F55CD1971BBFD9760025DE02 /* LaunchScreen.storyboard */,
				F55CD19A1BBFD9760025DE02 /* Info.plist */,
			);
			path = CNode;
			sourceTree = "<group>";
		};
/* End PBXGroup section */

/* Begin PBXNativeTarget section */
		F55CD18A1BBFD9760025DE02 /* CNode */ = {
			isa = PBXNativeTarget;
			buildConfigurationList = F55CD19D1BBFD9760025DE02 /* Build configuration list for PBXNativeTarget "CNode" */;
			buildPhases = (
				F55CD1871BBFD9760025DE02 /* Sources */,
				F55CD1881BBFD9760025DE02 /* Frameworks */,
				F55CD1891BBFD9760025DE02 /* Resources */,
			);
			buildRules = (
			);
			dependencies = (
			);
			name = CNode;
			productName = CNode;
			productReference = F55CD18B1BBFD9760025DE02 /* CNode.app */;
			productType = "com.apple.product-type.application";
		};
/* End PBXNativeTarget section */

/* Begin PBXProject section */
		F55CD1831BBFD9760025DE02 /* Project object */ = {
			isa = PBXProject;
			attributes = {
				LastUpgradeCheck = 0700;
				ORGANIZATIONNAME = JianyingLi;
				TargetAttributes = {
					F55CD18A1BBFD9760025DE02 = {
						CreatedOnToolsVersion = 7.0.1;
					};
				};
			};
			buildConfigurationList = F55CD1861BBFD9760025DE02 /* Build configuration list for PBXProject "CNode" */;
			compatibilityVersion = "Xcode 3.2";
			developmentRegion = English;
			hasScannedForEncodings = 0;
			knownRegions = (
				en,
				Base,
			);
			mainGroup = F55CD1821BBFD9760025DE02;
			productRefGroup = F55CD18C1BBFD9760025DE02 /* Products */;
			projectDirPath = "";
			projectRoot = "";
			targets = (
				F55CD18A1BBFD9760025DE02 /* CNode */,
			);
		};
/* End PBXProject section */

/* Begin PBXResourcesBuildPhase section */
		F55CD1891BBFD9760025DE02 /* Resources */ = {
			isa = PBXResourcesBuildPhase;
			buildActionMask = 2147483647;
			files = (
				F55CD1991BBFD9760025DE02 /* LaunchScreen.storyboard in Resources */,
				F55CD1961BBFD9760025DE02 /* Assets.xcassets in Resources */,
				F55CD1941BBFD9760025DE02 /* Main.storyboard in Resources */,
			);
			runOnlyForDeploymentPostprocessing = 0;
		};
/* End PBXResourcesBuildPhase section */

/* Begin PBXSourcesBuildPhase section */
		F55CD1871BBFD9760025DE02 /* Sources */ = {
			isa = PBXSourcesBuildPhase;
			buildActionMask = 2147483647;
			files = (
				F55CD1911BBFD9760025DE02 /* ViewController.swift in Sources */,
				F55CD18F1BBFD9760025DE02 /* AppDelegate.swift in Sources */,
			);
			runOnlyForDeploymentPostprocessing = 0;
		};
/* End PBXSourcesBuildPhase section */

/* Begin PBXVariantGroup section */
		F55CD1921BBFD9760025DE02 /* Main.storyboard */ = {
			isa = PBXVariantGroup;
			children = (
				F55CD1931BBFD9760025DE02 /* Base */,
			);
			name = Main.storyboard;
			sourceTree = "<group>";
		};
		F55CD1971BBFD9760025DE02 /* LaunchScreen.storyboard */ = {
			isa = PBXVariantGroup;
			children = (
				F55CD1981BBFD9760025DE02 /* Base */,
			);
			name = LaunchScreen.storyboard;
			sourceTree = "<group>";
		};
/* End PBXVariantGroup section */

/* Begin XCBuildConfiguration section */
		F55CD19B1BBFD9760025DE02 /* Debug */ = {
			isa = XCBuildConfiguration;
			buildSettings = {
				ALWAYS_SEARCH_USER_PATHS = NO;
				CLANG_CXX_LANGUAGE_STANDARD = "gnu++0x";
				CLANG_CXX_LIBRARY = "libc++";
				CLANG_ENABLE_MODULES = YES;
				CLANG_ENABLE_OBJC_ARC = YES;
				CLANG_WARN_BOOL_CONVERSION = YES;
				CLANG_WARN_CONSTANT_CONVERSION = YES;
				CLANG_WARN_DIRECT_OBJC_ISA_USAGE = YES_ERROR;
				CLANG_WARN_EMPTY_BODY = YES;
				CLANG_WARN_ENUM_CONVERSION = YES;
				CLANG_WARN_INT_CONVERSION = YES;
				CLANG_WARN_OBJC_ROOT_CLASS = YES_ERROR;
				CLANG_WARN_UNREACHABLE_CODE = YES;
				CLANG_WARN__DUPLICATE_METHOD_MATCH = YES;
				"CODE_SIGN_IDENTITY[sdk=iphoneos*]" = "iPhone Developer";
				COPY_PHASE_STRIP = NO;
				DEBUG_INFORMATION_FORMAT = dwarf;
				ENABLE_STRICT_OBJC_MSGSEND = YES;
				ENABLE_TESTABILITY = YES;
				GCC_C_LANGUAGE_STANDARD = gnu99;
				GCC_DYNAMIC_NO_PIC = NO;
				GCC_NO_COMMON_BLOCKS = YES;
				GCC_OPTIMIZATION_LEVEL = 0;
				GCC_PREPROCESSOR_DEFINITIONS = (
					"DEBUG=1",
					"$(inherited)",
				);
				GCC_WARN_64_TO_32_BIT_CONVERSION = YES;
				GCC_WARN_ABOUT_RETURN_TYPE = YES_ERROR;
				GCC_WARN_UNDECLARED_SELECTOR = YES;
				GCC_WARN_UNINITIALIZED_AUTOS = YES_AGGRESSIVE;
				GCC_WARN_UNUSED_FUNCTION = YES;
				GCC_WARN_UNUSED_VARIABLE = YES;
				IPHONEOS_DEPLOYMENT_TARGET = 9.0;
				MTL_ENABLE_DEBUG_INFO = YES;
				ONLY_ACTIVE_ARCH = YES;
				SDKROOT = iphoneos;
				SWIFT_OPTIMIZATION_LEVEL = "-Onone";
			};
			name = Debug;
		};
		F55CD19C1BBFD9760025DE02 /* Release */ = {
			isa = XCBuildConfiguration;
			buildSettings = {
				ALWAYS_SEARCH_USER_PATHS = NO;
				CLANG_CXX_LANGUAGE_STANDARD = "gnu++0x";
				CLANG_CXX_LIBRARY = "libc++";
				CLANG_ENABLE_MODULES = YES;
				CLANG_ENABLE_OBJC_ARC = YES;
				CLANG_WARN_BOOL_CONVERSION = YES;
				CLANG_WARN_CONSTANT_CONVERSION = YES;
				CLANG_WARN_DIRECT_OBJC_ISA_USAGE = YES_ERROR;
				CLANG_WARN_EMPTY_BODY = YES;
				CLANG_WARN_ENUM_CONVERSION = YES;
				CLANG_WARN_INT_CONVERSION = YES;
				CLANG_WARN_OBJC_ROOT_CLASS = YES_ERROR;
				CLANG_WARN_UNREACHABLE_CODE = YES;
				CLANG_WARN__DUPLICATE_METHOD_MATCH = YES;
				"CODE_SIGN_IDENTITY[sdk=iphoneos*]" = "iPhone Developer";
				COPY_PHASE_STRIP = NO;
				DEBUG_INFORMATION_FORMAT = "dwarf-with-dsym";
				ENABLE_NS_ASSERTIONS = NO;
				ENABLE_STRICT_OBJC_MSGSEND = YES;
				GCC_C_LANGUAGE_STANDARD = gnu99;
				GCC_NO_COMMON_BLOCKS = YES;
				GCC_WARN_64_TO_32_BIT_CONVERSION = YES;
				GCC_WARN_ABOUT_RETURN_TYPE = YES_ERROR;
				GCC_WARN_UNDECLARED_SELECTOR = YES;
				GCC_WARN_UNINITIALIZED_AUTOS = YES_AGGRESSIVE;
				GCC_WARN_UNUSED_FUNCTION = YES;
				GCC_WARN_UNUSED_VARIABLE = YES;
				IPHONEOS_DEPLOYMENT_TARGET = 9.0;
				MTL_ENABLE_DEBUG_INFO = NO;
				SDKROOT = iphoneos;
				VALIDATE_PRODUCT = YES;
			};
			name = Release;
		};
		F55CD19E1BBFD9760025DE02 /* Debug */ = {
			isa = XCBuildConfiguration;
			buildSettings = {
				ASSETCATALOG_COMPILER_APPICON_NAME = AppIcon;
				INFOPLIST_FILE = CNode/Info.plist;
				LD_RUNPATH_SEARCH_PATHS = "$(inherited) @executable_path/Frameworks";
				PRODUCT_BUNDLE_IDENTIFIER = org.blankapp.CNode;
				PRODUCT_NAME = "$(TARGET_NAME)";
			};
			name = Debug;
		};
		F55CD19F1BBFD9760025DE02 /* Release */ = {
			isa = XCBuildConfiguration;
			buildSettings = {
				ASSETCATALOG_COMPILER_APPICON_NAME = AppIcon;
				INFOPLIST_FILE = CNode/Info.plist;
				LD_RUNPATH_SEARCH_PATHS = "$(inherited) @executable_path/Frameworks";
				PRODUCT_BUNDLE_IDENTIFIER = org.blankapp.CNode;
				PRODUCT_NAME = "$(TARGET_NAME)";
			};
			name = Release;
		};
/* End XCBuildConfiguration section */

/* Begin XCConfigurationList section */
		F55CD1861BBFD9760025DE02 /* Build configuration list for PBXProject "CNode" */ = {
			isa = XCConfigurationList;
			buildConfigurations = (
				F55CD19B1BBFD9760025DE02 /* Debug */,
				F55CD19C1BBFD9760025DE02 /* Release */,
			);
			defaultConfigurationIsVisible = 0;
			defaultConfigurationName = Release;
		};
		F55CD19D1BBFD9760025DE02 /* Build configuration list for PBXNativeTarget "CNode" */ = {
			isa = XCConfigurationList;
			buildConfigurations = (
				F55CD19E1BBFD9760025DE02 /* Debug */,
				F55CD19F1BBFD9760025DE02 /* Release */,
			);
			defaultConfigurationIsVisible = 0;
		};
/* End XCConfigurationList section */
	};
	rootObject = F55CD1831BBFD9760025DE02 /* Project object */;
}
